Microsoft Visual Studio Solution File, Format Version 7.00
Project("{8BC9CEB8-8B4A-11D0-8D11-00A0C91BC942}") = "ApeLaunchPad", "ApeLaunchPad.vcproj", "{1418A9AC-3226-464A-99C5-9A2AF3118B53}"
EndProject
Global
	GlobalSection(SourceCodeControl) = preSolution
		SccNumberOfProjects = 1
		SccProjectUniqueName0 = ApeLaunchPad.vcproj
		SccProjectName0 = \u0022$/Code/Src/App/ApeLaunchPad\u0022,\u0020NWCAAAAA
		SccLocalPath0 = .
		SccProvider0 = MSSCCI:Microsoft\u0020Visual\u0020SourceSafe
		CanCheckoutShared = true
	EndGlobalSection
	GlobalSection(SolutionConfiguration) = preSolution
		ConfigName.0 = Debug
		ConfigName.1 = Release
	EndGlobalSection
	GlobalSection(ProjectDependencies) = postSolution
	EndGlobalSection
	GlobalSection(ProjectConfiguration) = postSolution
		{1418A9AC-3226-464A-99C5-9A2AF3118B53}.Debug.ActiveCfg = Debug|Win32
		{1418A9AC-3226-464A-99C5-9A2AF3118B53}.Debug.Build.0 = Debug|Win32
		{1418A9AC-3226-464A-99C5-9A2AF3118B53}.Release.ActiveCfg = Release|Win32
		{1418A9AC-3226-464A-99C5-9A2AF3118B53}.Release.Build.0 = Release|Win32
	EndGlobalSection
	GlobalSection(ExtensibilityGlobals) = postSolution
	EndGlobalSection
	GlobalSection(ExtensibilityAddIns) = postSolution
	EndGlobalSection
EndGlobal
