Microsoft Visual Studio Solution File, Format Version 7.00
Project("{8BC9CEB8-8B4A-11D0-8D11-00A0C91BC942}") = "WavBanker", "WavBanker.vcproj", "{A554C232-B4D2-498D-BECD-5F38AE750D43}"
EndProject
Project("{8BC9CEB8-8B4A-11D0-8D11-00A0C91BC942}") = "fang2win", "..\..\lib\Fang2\dx\win\fang2win.vcproj", "{483A4355-73FC-4C22-8673-4254CBED3729}"
EndProject
Global
	GlobalSection(SourceCodeControl) = preSolution
		SccNumberOfProjects = 2
		SccProjectUniqueName0 = WavBanker.vcproj
		SccProjectName0 = \u0022$/Code/Src/App/WavBanker\u0022,\u0020MXEAAAAA
		SccLocalPath0 = .
		SccProvider0 = MSSCCI:Microsoft\u0020Visual\u0020SourceSafe
		CanCheckoutShared = true
		SccProjectUniqueName1 = ..\\..\\lib\\Fang2\\dx\\win\\fang2win.vcproj
		SccProjectName1 = \u0022$/Code/Src/Lib/Fang2\u0022,\u0020QCDAAAAA
		SccLocalPath1 = ..\\..\\lib\\Fang2
		SccProvider1 = MSSCCI:Microsoft\u0020Visual\u0020SourceSafe
		CanCheckoutShared = true
		SccProjectFilePathRelativizedFromConnection1 = dx\\win\\
	EndGlobalSection
	GlobalSection(SolutionConfiguration) = preSolution
		ConfigName.0 = Debug
		ConfigName.1 = Debug Unicode
		ConfigName.2 = GCDebug
		ConfigName.3 = GCRelease
		ConfigName.4 = Production
		ConfigName.5 = Release
		ConfigName.6 = Release Unicode
		ConfigName.7 = Test
	EndGlobalSection
	GlobalSection(ProjectDependencies) = postSolution
		{A554C232-B4D2-498D-BECD-5F38AE750D43}.0 = {483A4355-73FC-4C22-8673-4254CBED3729}
	EndGlobalSection
	GlobalSection(ProjectConfiguration) = postSolution
		{A554C232-B4D2-498D-BECD-5F38AE750D43}.Debug.ActiveCfg = Debug|Win32
		{A554C232-B4D2-498D-BECD-5F38AE750D43}.Debug.Build.0 = Debug|Win32
		{A554C232-B4D2-498D-BECD-5F38AE750D43}.Debug Unicode.ActiveCfg = Debug|Win32
		{A554C232-B4D2-498D-BECD-5F38AE750D43}.Debug Unicode.Build.0 = Debug|Win32
		{A554C232-B4D2-498D-BECD-5F38AE750D43}.GCDebug.ActiveCfg = Debug|Win32
		{A554C232-B4D2-498D-BECD-5F38AE750D43}.GCDebug.Build.0 = Debug|Win32
		{A554C232-B4D2-498D-BECD-5F38AE750D43}.GCRelease.ActiveCfg = Release|Win32
		{A554C232-B4D2-498D-BECD-5F38AE750D43}.GCRelease.Build.0 = Release|Win32
		{A554C232-B4D2-498D-BECD-5F38AE750D43}.Production.ActiveCfg = Release|Win32
		{A554C232-B4D2-498D-BECD-5F38AE750D43}.Production.Build.0 = Release|Win32
		{A554C232-B4D2-498D-BECD-5F38AE750D43}.Release.ActiveCfg = Release|Win32
		{A554C232-B4D2-498D-BECD-5F38AE750D43}.Release.Build.0 = Release|Win32
		{A554C232-B4D2-498D-BECD-5F38AE750D43}.Release Unicode.ActiveCfg = Release|Win32
		{A554C232-B4D2-498D-BECD-5F38AE750D43}.Release Unicode.Build.0 = Release|Win32
		{A554C232-B4D2-498D-BECD-5F38AE750D43}.Test.ActiveCfg = Release|Win32
		{A554C232-B4D2-498D-BECD-5F38AE750D43}.Test.Build.0 = Release|Win32
		{483A4355-73FC-4C22-8673-4254CBED3729}.Debug.ActiveCfg = Debug|Win32
		{483A4355-73FC-4C22-8673-4254CBED3729}.Debug.Build.0 = Debug|Win32
		{483A4355-73FC-4C22-8673-4254CBED3729}.Debug Unicode.ActiveCfg = Debug Unicode|Win32
		{483A4355-73FC-4C22-8673-4254CBED3729}.Debug Unicode.Build.0 = Debug Unicode|Win32
		{483A4355-73FC-4C22-8673-4254CBED3729}.GCDebug.ActiveCfg = GCDebug|Win32
		{483A4355-73FC-4C22-8673-4254CBED3729}.GCDebug.Build.0 = GCDebug|Win32
		{483A4355-73FC-4C22-8673-4254CBED3729}.GCRelease.ActiveCfg = GCRelease|Win32
		{483A4355-73FC-4C22-8673-4254CBED3729}.GCRelease.Build.0 = GCRelease|Win32
		{483A4355-73FC-4C22-8673-4254CBED3729}.Production.ActiveCfg = Production|Win32
		{483A4355-73FC-4C22-8673-4254CBED3729}.Production.Build.0 = Production|Win32
		{483A4355-73FC-4C22-8673-4254CBED3729}.Release.ActiveCfg = Release|Win32
		{483A4355-73FC-4C22-8673-4254CBED3729}.Release.Build.0 = Release|Win32
		{483A4355-73FC-4C22-8673-4254CBED3729}.Release Unicode.ActiveCfg = Release Unicode|Win32
		{483A4355-73FC-4C22-8673-4254CBED3729}.Release Unicode.Build.0 = Release Unicode|Win32
		{483A4355-73FC-4C22-8673-4254CBED3729}.Test.ActiveCfg = Test|Win32
		{483A4355-73FC-4C22-8673-4254CBED3729}.Test.Build.0 = Test|Win32
	EndGlobalSection
	GlobalSection(ExtensibilityGlobals) = postSolution
	EndGlobalSection
	GlobalSection(ExtensibilityAddIns) = postSolution
	EndGlobalSection
EndGlobal
