Microsoft Visual Studio Solution File, Format Version 7.00
Project("{8BC9CEB8-8B4A-11D0-8D11-00A0C91BC942}") = "MAI", "MAI.vcproj", "{17F03EA7-92BC-4E71-9634-8191471C4F15}"
EndProject
Project("{8BC9CEB8-8B4A-11D0-8D11-00A0C91BC942}") = "fang2win", "..\..\lib\Fang2\dx\win\fang2win.vcproj", "{483A4355-73FC-4C22-8673-4254CBED3729}"
EndProject
Project("{8BC9CEB8-8B4A-11D0-8D11-00A0C91BC942}") = "MgcCore", "..\..\lib\Mgc\Source\MgcCore\MgcCore.vcproj", "{2A1D3F62-A859-4F73-9A5B-26677A8425DD}"
EndProject
Project("{8BC9CEB8-8B4A-11D0-8D11-00A0C91BC942}") = "MgcDistance", "..\..\lib\Mgc\Source\MgcDistance\MgcDistance.vcproj", "{5A513229-0F3E-4390-AECE-8AB60EC7F9A8}"
EndProject
Project("{8BC9CEB8-8B4A-11D0-8D11-00A0C91BC942}") = "SmallAMX", "..\..\Lib\SmallAMX\SmallAMX.vcproj", "{017A7BB6-36DC-440C-A8D9-8BFF30D5EA21}"
EndProject
Global
	GlobalSection(SourceCodeControl) = preSolution
		SccNumberOfProjects = 5
		SccProjectUniqueName0 = MAI.vcproj
		SccProjectName0 = \u0022$/Code/Src/App/Mai\u0022,\u0020EABAAAAA
		SccLocalPath0 = .
		SccProvider0 = MSSCCI:Microsoft\u0020Visual\u0020SourceSafe
		CanCheckoutShared = true
		SccProjectUniqueName1 = ..\\..\\lib\\Fang2\\dx\\win\\fang2win.vcproj
		SccProjectName1 = \u0022$/Code/Src/Lib/Fang2\u0022,\u0020QCDAAAAA
		SccLocalPath1 = ..\\..\\lib\\Fang2
		SccProvider1 = MSSCCI:Microsoft\u0020Visual\u0020SourceSafe
		CanCheckoutShared = true
		SccProjectFilePathRelativizedFromConnection1 = dx\\win\\
		SccProjectUniqueName2 = ..\\..\\lib\\Mgc\\Source\\MgcCore\\MgcCore.vcproj
		SccProjectName2 = \u0022$/Code/Src/Lib/Mgc/Source/MgcCore\u0022,\u0020QIEAAAAA
		SccLocalPath2 = ..\\..\\lib\\Mgc\\Source\\MgcCore
		SccProvider2 = MSSCCI:Microsoft\u0020Visual\u0020SourceSafe
		CanCheckoutShared = true
		SccProjectUniqueName3 = ..\\..\\lib\\Mgc\\Source\\MgcDistance\\MgcDistance.vcproj
		SccProjectName3 = \u0022$/Code/Src/Lib/Mgc/Source/MgcDistance\u0022,\u0020MIEAAAAA
		SccLocalPath3 = ..\\..\\lib\\Mgc\\Source\\MgcDistance
		SccProvider3 = MSSCCI:Microsoft\u0020Visual\u0020SourceSafe
		CanCheckoutShared = true
		SccProjectUniqueName4 = ..\\..\\Lib\\SmallAMX\\SmallAMX.vcproj
		SccProjectName4 = \u0022$/Code/Src/Lib/SmallAMX\u0022,\u0020XRCAAAAA
		SccLocalPath4 = ..\\..\\Lib\\SmallAMX
		SccProvider4 = MSSCCI:Microsoft\u0020Visual\u0020SourceSafe
		CanCheckoutShared = true
	EndGlobalSection
	GlobalSection(SolutionConfiguration) = preSolution
		ConfigName.0 = Debug Unicode Win32
		ConfigName.1 = Debug Unicode Xbox
		ConfigName.2 = Debug Win32
		ConfigName.3 = Debug Xbox
		ConfigName.4 = GCDebug Win32
		ConfigName.5 = GCDebug Xbox
		ConfigName.6 = GCRelease Win32
		ConfigName.7 = GCRelease Xbox
		ConfigName.8 = Production Win32
		ConfigName.9 = Production Xbox
		ConfigName.10 = Release Unicode Win32
		ConfigName.11 = Release Unicode Xbox
		ConfigName.12 = Release Win32
		ConfigName.13 = Release Xbox
		ConfigName.14 = Test Win32
		ConfigName.15 = Test Xbox
	EndGlobalSection
	GlobalSection(ProjectDependencies) = postSolution
		{17F03EA7-92BC-4E71-9634-8191471C4F15}.0 = {5A513229-0F3E-4390-AECE-8AB60EC7F9A8}
		{17F03EA7-92BC-4E71-9634-8191471C4F15}.1 = {2A1D3F62-A859-4F73-9A5B-26677A8425DD}
		{17F03EA7-92BC-4E71-9634-8191471C4F15}.2 = {483A4355-73FC-4C22-8673-4254CBED3729}
	EndGlobalSection
	GlobalSection(ProjectConfiguration) = postSolution
		{17F03EA7-92BC-4E71-9634-8191471C4F15}.Debug Unicode Win32.ActiveCfg = Debug|Win32
		{17F03EA7-92BC-4E71-9634-8191471C4F15}.Debug Unicode Win32.Build.0 = Debug|Win32
		{17F03EA7-92BC-4E71-9634-8191471C4F15}.Debug Unicode Xbox.ActiveCfg = Debug|Win32
		{17F03EA7-92BC-4E71-9634-8191471C4F15}.Debug Unicode Xbox.Build.0 = Debug|Win32
		{17F03EA7-92BC-4E71-9634-8191471C4F15}.Debug Win32.ActiveCfg = Debug|Win32
		{17F03EA7-92BC-4E71-9634-8191471C4F15}.Debug Win32.Build.0 = Debug|Win32
		{17F03EA7-92BC-4E71-9634-8191471C4F15}.Debug Xbox.ActiveCfg = Debug|Win32
		{17F03EA7-92BC-4E71-9634-8191471C4F15}.Debug Xbox.Build.0 = Debug|Win32
		{17F03EA7-92BC-4E71-9634-8191471C4F15}.GCDebug Win32.ActiveCfg = Debug|Win32
		{17F03EA7-92BC-4E71-9634-8191471C4F15}.GCDebug Win32.Build.0 = Debug|Win32
		{17F03EA7-92BC-4E71-9634-8191471C4F15}.GCDebug Xbox.ActiveCfg = Debug|Win32
		{17F03EA7-92BC-4E71-9634-8191471C4F15}.GCDebug Xbox.Build.0 = Debug|Win32
		{17F03EA7-92BC-4E71-9634-8191471C4F15}.GCRelease Win32.ActiveCfg = Release|Win32
		{17F03EA7-92BC-4E71-9634-8191471C4F15}.GCRelease Win32.Build.0 = Release|Win32
		{17F03EA7-92BC-4E71-9634-8191471C4F15}.GCRelease Xbox.ActiveCfg = Release|Win32
		{17F03EA7-92BC-4E71-9634-8191471C4F15}.GCRelease Xbox.Build.0 = Release|Win32
		{17F03EA7-92BC-4E71-9634-8191471C4F15}.Production Win32.ActiveCfg = Release|Win32
		{17F03EA7-92BC-4E71-9634-8191471C4F15}.Production Win32.Build.0 = Release|Win32
		{17F03EA7-92BC-4E71-9634-8191471C4F15}.Production Xbox.ActiveCfg = Release|Win32
		{17F03EA7-92BC-4E71-9634-8191471C4F15}.Production Xbox.Build.0 = Release|Win32
		{17F03EA7-92BC-4E71-9634-8191471C4F15}.Release Unicode Win32.ActiveCfg = Release|Win32
		{17F03EA7-92BC-4E71-9634-8191471C4F15}.Release Unicode Win32.Build.0 = Release|Win32
		{17F03EA7-92BC-4E71-9634-8191471C4F15}.Release Unicode Xbox.ActiveCfg = Release|Win32
		{17F03EA7-92BC-4E71-9634-8191471C4F15}.Release Unicode Xbox.Build.0 = Release|Win32
		{17F03EA7-92BC-4E71-9634-8191471C4F15}.Release Win32.ActiveCfg = Release|Win32
		{17F03EA7-92BC-4E71-9634-8191471C4F15}.Release Win32.Build.0 = Release|Win32
		{17F03EA7-92BC-4E71-9634-8191471C4F15}.Release Xbox.ActiveCfg = Release|Win32
		{17F03EA7-92BC-4E71-9634-8191471C4F15}.Release Xbox.Build.0 = Release|Win32
		{17F03EA7-92BC-4E71-9634-8191471C4F15}.Test Win32.ActiveCfg = Release|Win32
		{17F03EA7-92BC-4E71-9634-8191471C4F15}.Test Win32.Build.0 = Release|Win32
		{17F03EA7-92BC-4E71-9634-8191471C4F15}.Test Xbox.ActiveCfg = Release|Win32
		{17F03EA7-92BC-4E71-9634-8191471C4F15}.Test Xbox.Build.0 = Release|Win32
		{483A4355-73FC-4C22-8673-4254CBED3729}.Debug Unicode Win32.ActiveCfg = Debug Unicode|Win32
		{483A4355-73FC-4C22-8673-4254CBED3729}.Debug Unicode Win32.Build.0 = Debug Unicode|Win32
		{483A4355-73FC-4C22-8673-4254CBED3729}.Debug Unicode Xbox.ActiveCfg = Debug Unicode|Win32
		{483A4355-73FC-4C22-8673-4254CBED3729}.Debug Unicode Xbox.Build.0 = Debug Unicode|Win32
		{483A4355-73FC-4C22-8673-4254CBED3729}.Debug Win32.ActiveCfg = Debug|Win32
		{483A4355-73FC-4C22-8673-4254CBED3729}.Debug Win32.Build.0 = Debug|Win32
		{483A4355-73FC-4C22-8673-4254CBED3729}.Debug Xbox.ActiveCfg = Debug Unicode|Win32
		{483A4355-73FC-4C22-8673-4254CBED3729}.Debug Xbox.Build.0 = Debug Unicode|Win32
		{483A4355-73FC-4C22-8673-4254CBED3729}.GCDebug Win32.ActiveCfg = GCDebug|Win32
		{483A4355-73FC-4C22-8673-4254CBED3729}.GCDebug Win32.Build.0 = GCDebug|Win32
		{483A4355-73FC-4C22-8673-4254CBED3729}.GCDebug Xbox.ActiveCfg = GCDebug|Win32
		{483A4355-73FC-4C22-8673-4254CBED3729}.GCDebug Xbox.Build.0 = GCDebug|Win32
		{483A4355-73FC-4C22-8673-4254CBED3729}.GCRelease Win32.ActiveCfg = GCRelease|Win32
		{483A4355-73FC-4C22-8673-4254CBED3729}.GCRelease Win32.Build.0 = GCRelease|Win32
		{483A4355-73FC-4C22-8673-4254CBED3729}.GCRelease Xbox.ActiveCfg = GCRelease|Win32
		{483A4355-73FC-4C22-8673-4254CBED3729}.GCRelease Xbox.Build.0 = GCRelease|Win32
		{483A4355-73FC-4C22-8673-4254CBED3729}.Production Win32.ActiveCfg = Production|Win32
		{483A4355-73FC-4C22-8673-4254CBED3729}.Production Win32.Build.0 = Production|Win32
		{483A4355-73FC-4C22-8673-4254CBED3729}.Production Xbox.ActiveCfg = Production|Win32
		{483A4355-73FC-4C22-8673-4254CBED3729}.Production Xbox.Build.0 = Production|Win32
		{483A4355-73FC-4C22-8673-4254CBED3729}.Release Unicode Win32.ActiveCfg = Release Unicode|Win32
		{483A4355-73FC-4C22-8673-4254CBED3729}.Release Unicode Win32.Build.0 = Release Unicode|Win32
		{483A4355-73FC-4C22-8673-4254CBED3729}.Release Unicode Xbox.ActiveCfg = Release Unicode|Win32
		{483A4355-73FC-4C22-8673-4254CBED3729}.Release Unicode Xbox.Build.0 = Release Unicode|Win32
		{483A4355-73FC-4C22-8673-4254CBED3729}.Release Win32.ActiveCfg = Release|Win32
		{483A4355-73FC-4C22-8673-4254CBED3729}.Release Win32.Build.0 = Release|Win32
		{483A4355-73FC-4C22-8673-4254CBED3729}.Release Xbox.ActiveCfg = Release|Win32
		{483A4355-73FC-4C22-8673-4254CBED3729}.Release Xbox.Build.0 = Release|Win32
		{483A4355-73FC-4C22-8673-4254CBED3729}.Test Win32.ActiveCfg = Test|Win32
		{483A4355-73FC-4C22-8673-4254CBED3729}.Test Win32.Build.0 = Test|Win32
		{483A4355-73FC-4C22-8673-4254CBED3729}.Test Xbox.ActiveCfg = Test|Win32
		{483A4355-73FC-4C22-8673-4254CBED3729}.Test Xbox.Build.0 = Test|Win32
		{2A1D3F62-A859-4F73-9A5B-26677A8425DD}.Debug Unicode Win32.ActiveCfg = Debug|Win32
		{2A1D3F62-A859-4F73-9A5B-26677A8425DD}.Debug Unicode Win32.Build.0 = Debug|Win32
		{2A1D3F62-A859-4F73-9A5B-26677A8425DD}.Debug Unicode Xbox.ActiveCfg = Debug|Win32
		{2A1D3F62-A859-4F73-9A5B-26677A8425DD}.Debug Unicode Xbox.Build.0 = Debug|Win32
		{2A1D3F62-A859-4F73-9A5B-26677A8425DD}.Debug Win32.ActiveCfg = Debug|Win32
		{2A1D3F62-A859-4F73-9A5B-26677A8425DD}.Debug Win32.Build.0 = Debug|Win32
		{2A1D3F62-A859-4F73-9A5B-26677A8425DD}.Debug Xbox.ActiveCfg = Debug|Win32
		{2A1D3F62-A859-4F73-9A5B-26677A8425DD}.Debug Xbox.Build.0 = Debug|Win32
		{2A1D3F62-A859-4F73-9A5B-26677A8425DD}.GCDebug Win32.ActiveCfg = Debug|Win32
		{2A1D3F62-A859-4F73-9A5B-26677A8425DD}.GCDebug Win32.Build.0 = Debug|Win32
		{2A1D3F62-A859-4F73-9A5B-26677A8425DD}.GCDebug Xbox.ActiveCfg = Debug|Win32
		{2A1D3F62-A859-4F73-9A5B-26677A8425DD}.GCDebug Xbox.Build.0 = Debug|Win32
		{2A1D3F62-A859-4F73-9A5B-26677A8425DD}.GCRelease Win32.ActiveCfg = Release|Win32
		{2A1D3F62-A859-4F73-9A5B-26677A8425DD}.GCRelease Win32.Build.0 = Release|Win32
		{2A1D3F62-A859-4F73-9A5B-26677A8425DD}.GCRelease Xbox.ActiveCfg = Release|Win32
		{2A1D3F62-A859-4F73-9A5B-26677A8425DD}.GCRelease Xbox.Build.0 = Release|Win32
		{2A1D3F62-A859-4F73-9A5B-26677A8425DD}.Production Win32.ActiveCfg = Release|Win32
		{2A1D3F62-A859-4F73-9A5B-26677A8425DD}.Production Win32.Build.0 = Release|Win32
		{2A1D3F62-A859-4F73-9A5B-26677A8425DD}.Production Xbox.ActiveCfg = Release|Win32
		{2A1D3F62-A859-4F73-9A5B-26677A8425DD}.Production Xbox.Build.0 = Release|Win32
		{2A1D3F62-A859-4F73-9A5B-26677A8425DD}.Release Unicode Win32.ActiveCfg = Release|Win32
		{2A1D3F62-A859-4F73-9A5B-26677A8425DD}.Release Unicode Win32.Build.0 = Release|Win32
		{2A1D3F62-A859-4F73-9A5B-26677A8425DD}.Release Unicode Xbox.ActiveCfg = Release|Win32
		{2A1D3F62-A859-4F73-9A5B-26677A8425DD}.Release Unicode Xbox.Build.0 = Release|Win32
		{2A1D3F62-A859-4F73-9A5B-26677A8425DD}.Release Win32.ActiveCfg = Release|Win32
		{2A1D3F62-A859-4F73-9A5B-26677A8425DD}.Release Win32.Build.0 = Release|Win32
		{2A1D3F62-A859-4F73-9A5B-26677A8425DD}.Release Xbox.ActiveCfg = Release|Win32
		{2A1D3F62-A859-4F73-9A5B-26677A8425DD}.Release Xbox.Build.0 = Release|Win32
		{2A1D3F62-A859-4F73-9A5B-26677A8425DD}.Test Win32.ActiveCfg = Release|Win32
		{2A1D3F62-A859-4F73-9A5B-26677A8425DD}.Test Win32.Build.0 = Release|Win32
		{2A1D3F62-A859-4F73-9A5B-26677A8425DD}.Test Xbox.ActiveCfg = Release|Win32
		{2A1D3F62-A859-4F73-9A5B-26677A8425DD}.Test Xbox.Build.0 = Release|Win32
		{5A513229-0F3E-4390-AECE-8AB60EC7F9A8}.Debug Unicode Win32.ActiveCfg = Debug|Win32
		{5A513229-0F3E-4390-AECE-8AB60EC7F9A8}.Debug Unicode Win32.Build.0 = Debug|Win32
		{5A513229-0F3E-4390-AECE-8AB60EC7F9A8}.Debug Unicode Xbox.ActiveCfg = Debug|Win32
		{5A513229-0F3E-4390-AECE-8AB60EC7F9A8}.Debug Unicode Xbox.Build.0 = Debug|Win32
		{5A513229-0F3E-4390-AECE-8AB60EC7F9A8}.Debug Win32.ActiveCfg = Debug|Win32
		{5A513229-0F3E-4390-AECE-8AB60EC7F9A8}.Debug Win32.Build.0 = Debug|Win32
		{5A513229-0F3E-4390-AECE-8AB60EC7F9A8}.Debug Xbox.ActiveCfg = Debug|Win32
		{5A513229-0F3E-4390-AECE-8AB60EC7F9A8}.Debug Xbox.Build.0 = Debug|Win32
		{5A513229-0F3E-4390-AECE-8AB60EC7F9A8}.GCDebug Win32.ActiveCfg = Debug|Win32
		{5A513229-0F3E-4390-AECE-8AB60EC7F9A8}.GCDebug Win32.Build.0 = Debug|Win32
		{5A513229-0F3E-4390-AECE-8AB60EC7F9A8}.GCDebug Xbox.ActiveCfg = Debug|Win32
		{5A513229-0F3E-4390-AECE-8AB60EC7F9A8}.GCDebug Xbox.Build.0 = Debug|Win32
		{5A513229-0F3E-4390-AECE-8AB60EC7F9A8}.GCRelease Win32.ActiveCfg = Release|Win32
		{5A513229-0F3E-4390-AECE-8AB60EC7F9A8}.GCRelease Win32.Build.0 = Release|Win32
		{5A513229-0F3E-4390-AECE-8AB60EC7F9A8}.GCRelease Xbox.ActiveCfg = Release|Win32
		{5A513229-0F3E-4390-AECE-8AB60EC7F9A8}.GCRelease Xbox.Build.0 = Release|Win32
		{5A513229-0F3E-4390-AECE-8AB60EC7F9A8}.Production Win32.ActiveCfg = Release|Win32
		{5A513229-0F3E-4390-AECE-8AB60EC7F9A8}.Production Win32.Build.0 = Release|Win32
		{5A513229-0F3E-4390-AECE-8AB60EC7F9A8}.Production Xbox.ActiveCfg = Release|Win32
		{5A513229-0F3E-4390-AECE-8AB60EC7F9A8}.Production Xbox.Build.0 = Release|Win32
		{5A513229-0F3E-4390-AECE-8AB60EC7F9A8}.Release Unicode Win32.ActiveCfg = Release|Win32
		{5A513229-0F3E-4390-AECE-8AB60EC7F9A8}.Release Unicode Win32.Build.0 = Release|Win32
		{5A513229-0F3E-4390-AECE-8AB60EC7F9A8}.Release Unicode Xbox.ActiveCfg = Release|Win32
		{5A513229-0F3E-4390-AECE-8AB60EC7F9A8}.Release Unicode Xbox.Build.0 = Release|Win32
		{5A513229-0F3E-4390-AECE-8AB60EC7F9A8}.Release Win32.ActiveCfg = Release|Win32
		{5A513229-0F3E-4390-AECE-8AB60EC7F9A8}.Release Win32.Build.0 = Release|Win32
		{5A513229-0F3E-4390-AECE-8AB60EC7F9A8}.Release Xbox.ActiveCfg = Release|Win32
		{5A513229-0F3E-4390-AECE-8AB60EC7F9A8}.Release Xbox.Build.0 = Release|Win32
		{5A513229-0F3E-4390-AECE-8AB60EC7F9A8}.Test Win32.ActiveCfg = Release|Win32
		{5A513229-0F3E-4390-AECE-8AB60EC7F9A8}.Test Win32.Build.0 = Release|Win32
		{5A513229-0F3E-4390-AECE-8AB60EC7F9A8}.Test Xbox.ActiveCfg = Release|Win32
		{5A513229-0F3E-4390-AECE-8AB60EC7F9A8}.Test Xbox.Build.0 = Release|Win32
		{017A7BB6-36DC-440C-A8D9-8BFF30D5EA21}.Debug Unicode Win32.ActiveCfg = Debug Unicode|Win32
		{017A7BB6-36DC-440C-A8D9-8BFF30D5EA21}.Debug Unicode Win32.Build.0 = Debug Unicode|Win32
		{017A7BB6-36DC-440C-A8D9-8BFF30D5EA21}.Debug Unicode Xbox.ActiveCfg = Debug Unicode|Xbox
		{017A7BB6-36DC-440C-A8D9-8BFF30D5EA21}.Debug Unicode Xbox.Build.0 = Debug Unicode|Xbox
		{017A7BB6-36DC-440C-A8D9-8BFF30D5EA21}.Debug Win32.ActiveCfg = Debug|Win32
		{017A7BB6-36DC-440C-A8D9-8BFF30D5EA21}.Debug Win32.Build.0 = Debug|Win32
		{017A7BB6-36DC-440C-A8D9-8BFF30D5EA21}.Debug Xbox.ActiveCfg = Debug|Xbox
		{017A7BB6-36DC-440C-A8D9-8BFF30D5EA21}.Debug Xbox.Build.0 = Debug|Xbox
		{017A7BB6-36DC-440C-A8D9-8BFF30D5EA21}.GCDebug Win32.ActiveCfg = GCDebug|Win32
		{017A7BB6-36DC-440C-A8D9-8BFF30D5EA21}.GCDebug Win32.Build.0 = GCDebug|Win32
		{017A7BB6-36DC-440C-A8D9-8BFF30D5EA21}.GCDebug Xbox.ActiveCfg = GCDebug|Xbox
		{017A7BB6-36DC-440C-A8D9-8BFF30D5EA21}.GCDebug Xbox.Build.0 = GCDebug|Xbox
		{017A7BB6-36DC-440C-A8D9-8BFF30D5EA21}.GCRelease Win32.ActiveCfg = GCRelease|Win32
		{017A7BB6-36DC-440C-A8D9-8BFF30D5EA21}.GCRelease Win32.Build.0 = GCRelease|Win32
		{017A7BB6-36DC-440C-A8D9-8BFF30D5EA21}.GCRelease Xbox.ActiveCfg = GCRelease|Xbox
		{017A7BB6-36DC-440C-A8D9-8BFF30D5EA21}.GCRelease Xbox.Build.0 = GCRelease|Xbox
		{017A7BB6-36DC-440C-A8D9-8BFF30D5EA21}.Production Win32.ActiveCfg = Production|Win32
		{017A7BB6-36DC-440C-A8D9-8BFF30D5EA21}.Production Win32.Build.0 = Production|Win32
		{017A7BB6-36DC-440C-A8D9-8BFF30D5EA21}.Production Xbox.ActiveCfg = Production|Xbox
		{017A7BB6-36DC-440C-A8D9-8BFF30D5EA21}.Production Xbox.Build.0 = Production|Xbox
		{017A7BB6-36DC-440C-A8D9-8BFF30D5EA21}.Release Unicode Win32.ActiveCfg = Release Unicode|Win32
		{017A7BB6-36DC-440C-A8D9-8BFF30D5EA21}.Release Unicode Win32.Build.0 = Release Unicode|Win32
		{017A7BB6-36DC-440C-A8D9-8BFF30D5EA21}.Release Unicode Xbox.ActiveCfg = Release Unicode|Xbox
		{017A7BB6-36DC-440C-A8D9-8BFF30D5EA21}.Release Unicode Xbox.Build.0 = Release Unicode|Xbox
		{017A7BB6-36DC-440C-A8D9-8BFF30D5EA21}.Release Win32.ActiveCfg = Release|Win32
		{017A7BB6-36DC-440C-A8D9-8BFF30D5EA21}.Release Win32.Build.0 = Release|Win32
		{017A7BB6-36DC-440C-A8D9-8BFF30D5EA21}.Release Xbox.ActiveCfg = Release|Xbox
		{017A7BB6-36DC-440C-A8D9-8BFF30D5EA21}.Release Xbox.Build.0 = Release|Xbox
		{017A7BB6-36DC-440C-A8D9-8BFF30D5EA21}.Test Win32.ActiveCfg = Test|Win32
		{017A7BB6-36DC-440C-A8D9-8BFF30D5EA21}.Test Win32.Build.0 = Test|Win32
		{017A7BB6-36DC-440C-A8D9-8BFF30D5EA21}.Test Xbox.ActiveCfg = Test|Xbox
		{017A7BB6-36DC-440C-A8D9-8BFF30D5EA21}.Test Xbox.Build.0 = Test|Xbox
	EndGlobalSection
	GlobalSection(ExtensibilityGlobals) = postSolution
	EndGlobalSection
	GlobalSection(ExtensibilityAddIns) = postSolution
	EndGlobalSection
EndGlobal
