Microsoft Visual Studio Solution File, Format Version 7.00
Project("{8BC9CEB8-8B4A-11D0-8D11-00A0C91BC942}") = "SndSeqBanker", "SndSeqBanker.vcproj", "{A50DA756-7DC4-47EA-9416-513F4DD27D35}"
EndProject
Project("{8BC9CEB8-8B4A-11D0-8D11-00A0C91BC942}") = "fang2win", "..\..\lib\Fang2\dx\win\fang2win.vcproj", "{483A4355-73FC-4C22-8673-4254CBED3729}"
EndProject
Project("{8BC9CEB8-8B4A-11D0-8D11-00A0C91BC942}") = "SortedListCtrl", "..\..\lib\SortedListCtrl\SortedListCtrl.vcproj", "{4CECEE81-644C-45CD-8026-47C06E936444}"
EndProject
Global
	GlobalSection(SourceCodeControl) = preSolution
		SccNumberOfProjects = 3
		SccProjectUniqueName0 = SndSeqBanker.vcproj
		SccProjectName0 = \u0022$/Code/Src/App/SndSeqBanker\u0022,\u0020LCFAAAAA
		SccLocalPath0 = .
		SccProvider0 = MSSCCI:Microsoft\u0020Visual\u0020SourceSafe
		CanCheckoutShared = true
		SccProjectUniqueName1 = ..\\..\\lib\\Fang2\\dx\\win\\fang2win.vcproj
		SccProjectName1 = \u0022$/Code/Src/Lib/Fang2\u0022,\u0020QCDAAAAA
		SccLocalPath1 = ..\\..\\lib\\Fang2
		SccProvider1 = MSSCCI:Microsoft\u0020Visual\u0020SourceSafe
		CanCheckoutShared = true
		SccProjectFilePathRelativizedFromConnection1 = dx\\win\\
		SccProjectUniqueName2 = ..\\..\\lib\\SortedListCtrl\\SortedListCtrl.vcproj
		SccProjectName2 = \u0022$/Code/Src/Lib/SortedListCtrl\u0022,\u0020CNBAAAAA
		SccLocalPath2 = ..\\..\\lib\\SortedListCtrl
		SccProvider2 = MSSCCI:Microsoft\u0020Visual\u0020SourceSafe
		CanCheckoutShared = true
	EndGlobalSection
	GlobalSection(SolutionConfiguration) = preSolution
		ConfigName.0 = Debug
		ConfigName.1 = Debug Unicode
		ConfigName.2 = GCDebug
		ConfigName.3 = GCRelease
		ConfigName.4 = Production
		ConfigName.5 = Release
		ConfigName.6 = Release Unicode
		ConfigName.7 = Test
	EndGlobalSection
	GlobalSection(ProjectDependencies) = postSolution
		{A50DA756-7DC4-47EA-9416-513F4DD27D35}.0 = {483A4355-73FC-4C22-8673-4254CBED3729}
		{A50DA756-7DC4-47EA-9416-513F4DD27D35}.1 = {4CECEE81-644C-45CD-8026-47C06E936444}
	EndGlobalSection
	GlobalSection(ProjectConfiguration) = postSolution
		{A50DA756-7DC4-47EA-9416-513F4DD27D35}.Debug.ActiveCfg = Debug|Win32
		{A50DA756-7DC4-47EA-9416-513F4DD27D35}.Debug.Build.0 = Debug|Win32
		{A50DA756-7DC4-47EA-9416-513F4DD27D35}.Debug Unicode.ActiveCfg = Debug|Win32
		{A50DA756-7DC4-47EA-9416-513F4DD27D35}.Debug Unicode.Build.0 = Debug|Win32
		{A50DA756-7DC4-47EA-9416-513F4DD27D35}.GCDebug.ActiveCfg = Debug|Win32
		{A50DA756-7DC4-47EA-9416-513F4DD27D35}.GCDebug.Build.0 = Debug|Win32
		{A50DA756-7DC4-47EA-9416-513F4DD27D35}.GCRelease.ActiveCfg = Release|Win32
		{A50DA756-7DC4-47EA-9416-513F4DD27D35}.GCRelease.Build.0 = Release|Win32
		{A50DA756-7DC4-47EA-9416-513F4DD27D35}.Production.ActiveCfg = Debug|Win32
		{A50DA756-7DC4-47EA-9416-513F4DD27D35}.Production.Build.0 = Debug|Win32
		{A50DA756-7DC4-47EA-9416-513F4DD27D35}.Release.ActiveCfg = Release|Win32
		{A50DA756-7DC4-47EA-9416-513F4DD27D35}.Release.Build.0 = Release|Win32
		{A50DA756-7DC4-47EA-9416-513F4DD27D35}.Release Unicode.ActiveCfg = Release|Win32
		{A50DA756-7DC4-47EA-9416-513F4DD27D35}.Release Unicode.Build.0 = Release|Win32
		{A50DA756-7DC4-47EA-9416-513F4DD27D35}.Test.ActiveCfg = Debug|Win32
		{A50DA756-7DC4-47EA-9416-513F4DD27D35}.Test.Build.0 = Debug|Win32
		{483A4355-73FC-4C22-8673-4254CBED3729}.Debug.ActiveCfg = Debug|Win32
		{483A4355-73FC-4C22-8673-4254CBED3729}.Debug.Build.0 = Debug|Win32
		{483A4355-73FC-4C22-8673-4254CBED3729}.Debug Unicode.ActiveCfg = Debug Unicode|Win32
		{483A4355-73FC-4C22-8673-4254CBED3729}.Debug Unicode.Build.0 = Debug Unicode|Win32
		{483A4355-73FC-4C22-8673-4254CBED3729}.GCDebug.ActiveCfg = GCDebug|Win32
		{483A4355-73FC-4C22-8673-4254CBED3729}.GCDebug.Build.0 = GCDebug|Win32
		{483A4355-73FC-4C22-8673-4254CBED3729}.GCRelease.ActiveCfg = GCRelease|Win32
		{483A4355-73FC-4C22-8673-4254CBED3729}.GCRelease.Build.0 = GCRelease|Win32
		{483A4355-73FC-4C22-8673-4254CBED3729}.Production.ActiveCfg = Production|Win32
		{483A4355-73FC-4C22-8673-4254CBED3729}.Production.Build.0 = Production|Win32
		{483A4355-73FC-4C22-8673-4254CBED3729}.Release.ActiveCfg = Release|Win32
		{483A4355-73FC-4C22-8673-4254CBED3729}.Release.Build.0 = Release|Win32
		{483A4355-73FC-4C22-8673-4254CBED3729}.Release Unicode.ActiveCfg = Release Unicode|Win32
		{483A4355-73FC-4C22-8673-4254CBED3729}.Release Unicode.Build.0 = Release Unicode|Win32
		{483A4355-73FC-4C22-8673-4254CBED3729}.Test.ActiveCfg = Test|Win32
		{483A4355-73FC-4C22-8673-4254CBED3729}.Test.Build.0 = Test|Win32
		{4CECEE81-644C-45CD-8026-47C06E936444}.Debug.ActiveCfg = Debug|Win32
		{4CECEE81-644C-45CD-8026-47C06E936444}.Debug.Build.0 = Debug|Win32
		{4CECEE81-644C-45CD-8026-47C06E936444}.Debug Unicode.ActiveCfg = Debug|Win32
		{4CECEE81-644C-45CD-8026-47C06E936444}.Debug Unicode.Build.0 = Debug|Win32
		{4CECEE81-644C-45CD-8026-47C06E936444}.GCDebug.ActiveCfg = GCDebug|Win32
		{4CECEE81-644C-45CD-8026-47C06E936444}.GCDebug.Build.0 = GCDebug|Win32
		{4CECEE81-644C-45CD-8026-47C06E936444}.GCRelease.ActiveCfg = GCRelease|Win32
		{4CECEE81-644C-45CD-8026-47C06E936444}.GCRelease.Build.0 = GCRelease|Win32
		{4CECEE81-644C-45CD-8026-47C06E936444}.Production.ActiveCfg = GCDebug|Win32
		{4CECEE81-644C-45CD-8026-47C06E936444}.Production.Build.0 = GCDebug|Win32
		{4CECEE81-644C-45CD-8026-47C06E936444}.Release.ActiveCfg = Release|Win32
		{4CECEE81-644C-45CD-8026-47C06E936444}.Release.Build.0 = Release|Win32
		{4CECEE81-644C-45CD-8026-47C06E936444}.Release Unicode.ActiveCfg = Release|Win32
		{4CECEE81-644C-45CD-8026-47C06E936444}.Release Unicode.Build.0 = Release|Win32
		{4CECEE81-644C-45CD-8026-47C06E936444}.Test.ActiveCfg = GCDebug|Win32
		{4CECEE81-644C-45CD-8026-47C06E936444}.Test.Build.0 = GCDebug|Win32
	EndGlobalSection
	GlobalSection(ExtensibilityGlobals) = postSolution
	EndGlobalSection
	GlobalSection(ExtensibilityAddIns) = postSolution
	EndGlobalSection
EndGlobal
