Microsoft Visual Studio Solution File, Format Version 7.00
Project("{8BC9CEB8-8B4A-11D0-8D11-00A0C91BC942}") = "xserver", "xserver.vcproj", "{786BF48B-6A59-407D-95E6-C4B49F111081}"
EndProject
Project("{8BC9CEB8-8B4A-11D0-8D11-00A0C91BC942}") = "fang2xb", "..\..\lib\Fang2\dx\xb\fang2xb.vcproj", "{C84B9AF0-D4E2-4340-A18C-B850E4B46E68}"
EndProject
Project("{8BC9CEB8-8B4A-11D0-8D11-00A0C91BC942}") = "SmallAMX", "..\..\lib\SmallAMX\SmallAMX.vcproj", "{017A7BB6-36DC-440C-A8D9-8BFF30D5EA21}"
EndProject
Global
	GlobalSection(SourceCodeControl) = preSolution
		SccNumberOfProjects = 3
		SccProjectUniqueName0 = xserver.vcproj
		SccProjectName0 = \u0022$/Code/Src/App/xserver\u0022,\u0020NQFAAAAA
		SccLocalPath0 = .
		SccProvider0 = MSSCCI:Microsoft\u0020Visual\u0020SourceSafe
		CanCheckoutShared = true
		SccProjectUniqueName1 = ..\\..\\lib\\Fang2\\dx\\xb\\fang2xb.vcproj
		SccProjectName1 = \u0022$/Code/Src/Lib/Fang2\u0022,\u0020QCDAAAAA
		SccLocalPath1 = ..\\..\\lib\\Fang2
		SccProvider1 = MSSCCI:Microsoft\u0020Visual\u0020SourceSafe
		CanCheckoutShared = true
		SccProjectFilePathRelativizedFromConnection1 = dx\\xb\\
		SccProjectUniqueName2 = ..\\..\\lib\\SmallAMX\\SmallAMX.vcproj
		SccProjectName2 = \u0022$/Code/Src/Lib/SmallAMX\u0022,\u0020XRCAAAAA
		SccLocalPath2 = ..\\..\\lib\\SmallAMX
		SccProvider2 = MSSCCI:Microsoft\u0020Visual\u0020SourceSafe
		CanCheckoutShared = true
	EndGlobalSection
	GlobalSection(SolutionConfiguration) = preSolution
		ConfigName.0 = Debug Unicode Win32
		ConfigName.1 = Debug Unicode Xbox
		ConfigName.2 = Debug Win32
		ConfigName.3 = Debug Xbox
		ConfigName.4 = GCDebug Win32
		ConfigName.5 = GCDebug Xbox
		ConfigName.6 = GCRelease Win32
		ConfigName.7 = GCRelease Xbox
		ConfigName.8 = Production Win32
		ConfigName.9 = Production Xbox
		ConfigName.10 = Release Unicode Win32
		ConfigName.11 = Release Unicode Xbox
		ConfigName.12 = Release Win32
		ConfigName.13 = Release Xbox
		ConfigName.14 = Test Win32
		ConfigName.15 = Test Xbox
	EndGlobalSection
	GlobalSection(ProjectDependencies) = postSolution
		{786BF48B-6A59-407D-95E6-C4B49F111081}.0 = {C84B9AF0-D4E2-4340-A18C-B850E4B46E68}
		{786BF48B-6A59-407D-95E6-C4B49F111081}.1 = {017A7BB6-36DC-440C-A8D9-8BFF30D5EA21}
	EndGlobalSection
	GlobalSection(ProjectConfiguration) = postSolution
		{786BF48B-6A59-407D-95E6-C4B49F111081}.Debug Unicode Win32.ActiveCfg = Debug|Xbox
		{786BF48B-6A59-407D-95E6-C4B49F111081}.Debug Unicode Win32.Build.0 = Debug|Xbox
		{786BF48B-6A59-407D-95E6-C4B49F111081}.Debug Unicode Xbox.ActiveCfg = Debug|Xbox
		{786BF48B-6A59-407D-95E6-C4B49F111081}.Debug Unicode Xbox.Build.0 = Debug|Xbox
		{786BF48B-6A59-407D-95E6-C4B49F111081}.Debug Win32.ActiveCfg = Debug|Xbox
		{786BF48B-6A59-407D-95E6-C4B49F111081}.Debug Win32.Build.0 = Debug|Xbox
		{786BF48B-6A59-407D-95E6-C4B49F111081}.Debug Xbox.ActiveCfg = Debug|Xbox
		{786BF48B-6A59-407D-95E6-C4B49F111081}.Debug Xbox.Build.0 = Debug|Xbox
		{786BF48B-6A59-407D-95E6-C4B49F111081}.GCDebug Win32.ActiveCfg = Debug|Xbox
		{786BF48B-6A59-407D-95E6-C4B49F111081}.GCDebug Win32.Build.0 = Debug|Xbox
		{786BF48B-6A59-407D-95E6-C4B49F111081}.GCDebug Xbox.ActiveCfg = Debug|Xbox
		{786BF48B-6A59-407D-95E6-C4B49F111081}.GCDebug Xbox.Build.0 = Debug|Xbox
		{786BF48B-6A59-407D-95E6-C4B49F111081}.GCRelease Win32.ActiveCfg = Release|Xbox
		{786BF48B-6A59-407D-95E6-C4B49F111081}.GCRelease Win32.Build.0 = Release|Xbox
		{786BF48B-6A59-407D-95E6-C4B49F111081}.GCRelease Xbox.ActiveCfg = Release|Xbox
		{786BF48B-6A59-407D-95E6-C4B49F111081}.GCRelease Xbox.Build.0 = Release|Xbox
		{786BF48B-6A59-407D-95E6-C4B49F111081}.Production Win32.ActiveCfg = Debug|Xbox
		{786BF48B-6A59-407D-95E6-C4B49F111081}.Production Win32.Build.0 = Debug|Xbox
		{786BF48B-6A59-407D-95E6-C4B49F111081}.Production Xbox.ActiveCfg = Debug|Xbox
		{786BF48B-6A59-407D-95E6-C4B49F111081}.Production Xbox.Build.0 = Debug|Xbox
		{786BF48B-6A59-407D-95E6-C4B49F111081}.Release Unicode Win32.ActiveCfg = Release|Xbox
		{786BF48B-6A59-407D-95E6-C4B49F111081}.Release Unicode Win32.Build.0 = Release|Xbox
		{786BF48B-6A59-407D-95E6-C4B49F111081}.Release Unicode Xbox.ActiveCfg = Release|Xbox
		{786BF48B-6A59-407D-95E6-C4B49F111081}.Release Unicode Xbox.Build.0 = Release|Xbox
		{786BF48B-6A59-407D-95E6-C4B49F111081}.Release Win32.ActiveCfg = Release|Xbox
		{786BF48B-6A59-407D-95E6-C4B49F111081}.Release Win32.Build.0 = Release|Xbox
		{786BF48B-6A59-407D-95E6-C4B49F111081}.Release Xbox.ActiveCfg = Release|Xbox
		{786BF48B-6A59-407D-95E6-C4B49F111081}.Release Xbox.Build.0 = Release|Xbox
		{786BF48B-6A59-407D-95E6-C4B49F111081}.Test Win32.ActiveCfg = Debug|Xbox
		{786BF48B-6A59-407D-95E6-C4B49F111081}.Test Win32.Build.0 = Debug|Xbox
		{786BF48B-6A59-407D-95E6-C4B49F111081}.Test Xbox.ActiveCfg = Debug|Xbox
		{786BF48B-6A59-407D-95E6-C4B49F111081}.Test Xbox.Build.0 = Debug|Xbox
		{C84B9AF0-D4E2-4340-A18C-B850E4B46E68}.Debug Unicode Win32.ActiveCfg = Debug|Xbox
		{C84B9AF0-D4E2-4340-A18C-B850E4B46E68}.Debug Unicode Win32.Build.0 = Debug|Xbox
		{C84B9AF0-D4E2-4340-A18C-B850E4B46E68}.Debug Unicode Xbox.ActiveCfg = Debug|Xbox
		{C84B9AF0-D4E2-4340-A18C-B850E4B46E68}.Debug Unicode Xbox.Build.0 = Debug|Xbox
		{C84B9AF0-D4E2-4340-A18C-B850E4B46E68}.Debug Win32.ActiveCfg = Debug|Xbox
		{C84B9AF0-D4E2-4340-A18C-B850E4B46E68}.Debug Win32.Build.0 = Debug|Xbox
		{C84B9AF0-D4E2-4340-A18C-B850E4B46E68}.Debug Xbox.ActiveCfg = Debug|Xbox
		{C84B9AF0-D4E2-4340-A18C-B850E4B46E68}.Debug Xbox.Build.0 = Debug|Xbox
		{C84B9AF0-D4E2-4340-A18C-B850E4B46E68}.GCDebug Win32.ActiveCfg = Debug|Xbox
		{C84B9AF0-D4E2-4340-A18C-B850E4B46E68}.GCDebug Win32.Build.0 = Debug|Xbox
		{C84B9AF0-D4E2-4340-A18C-B850E4B46E68}.GCDebug Xbox.ActiveCfg = Debug|Xbox
		{C84B9AF0-D4E2-4340-A18C-B850E4B46E68}.GCDebug Xbox.Build.0 = Debug|Xbox
		{C84B9AF0-D4E2-4340-A18C-B850E4B46E68}.GCRelease Win32.ActiveCfg = Release|Xbox
		{C84B9AF0-D4E2-4340-A18C-B850E4B46E68}.GCRelease Win32.Build.0 = Release|Xbox
		{C84B9AF0-D4E2-4340-A18C-B850E4B46E68}.GCRelease Xbox.ActiveCfg = Release|Xbox
		{C84B9AF0-D4E2-4340-A18C-B850E4B46E68}.GCRelease Xbox.Build.0 = Release|Xbox
		{C84B9AF0-D4E2-4340-A18C-B850E4B46E68}.Production Win32.ActiveCfg = Production|Xbox
		{C84B9AF0-D4E2-4340-A18C-B850E4B46E68}.Production Win32.Build.0 = Production|Xbox
		{C84B9AF0-D4E2-4340-A18C-B850E4B46E68}.Production Xbox.ActiveCfg = Production|Xbox
		{C84B9AF0-D4E2-4340-A18C-B850E4B46E68}.Production Xbox.Build.0 = Production|Xbox
		{C84B9AF0-D4E2-4340-A18C-B850E4B46E68}.Release Unicode Win32.ActiveCfg = Release|Xbox
		{C84B9AF0-D4E2-4340-A18C-B850E4B46E68}.Release Unicode Win32.Build.0 = Release|Xbox
		{C84B9AF0-D4E2-4340-A18C-B850E4B46E68}.Release Unicode Xbox.ActiveCfg = Release|Xbox
		{C84B9AF0-D4E2-4340-A18C-B850E4B46E68}.Release Unicode Xbox.Build.0 = Release|Xbox
		{C84B9AF0-D4E2-4340-A18C-B850E4B46E68}.Release Win32.ActiveCfg = Release|Xbox
		{C84B9AF0-D4E2-4340-A18C-B850E4B46E68}.Release Win32.Build.0 = Release|Xbox
		{C84B9AF0-D4E2-4340-A18C-B850E4B46E68}.Release Xbox.ActiveCfg = Release|Xbox
		{C84B9AF0-D4E2-4340-A18C-B850E4B46E68}.Release Xbox.Build.0 = Release|Xbox
		{C84B9AF0-D4E2-4340-A18C-B850E4B46E68}.Test Win32.ActiveCfg = Test|Xbox
		{C84B9AF0-D4E2-4340-A18C-B850E4B46E68}.Test Win32.Build.0 = Test|Xbox
		{C84B9AF0-D4E2-4340-A18C-B850E4B46E68}.Test Xbox.ActiveCfg = Test|Xbox
		{C84B9AF0-D4E2-4340-A18C-B850E4B46E68}.Test Xbox.Build.0 = Test|Xbox
		{017A7BB6-36DC-440C-A8D9-8BFF30D5EA21}.Debug Unicode Win32.ActiveCfg = Debug Unicode|Win32
		{017A7BB6-36DC-440C-A8D9-8BFF30D5EA21}.Debug Unicode Win32.Build.0 = Debug Unicode|Win32
		{017A7BB6-36DC-440C-A8D9-8BFF30D5EA21}.Debug Unicode Xbox.ActiveCfg = Debug Unicode|Xbox
		{017A7BB6-36DC-440C-A8D9-8BFF30D5EA21}.Debug Unicode Xbox.Build.0 = Debug Unicode|Xbox
		{017A7BB6-36DC-440C-A8D9-8BFF30D5EA21}.Debug Win32.ActiveCfg = Debug|Win32
		{017A7BB6-36DC-440C-A8D9-8BFF30D5EA21}.Debug Win32.Build.0 = Debug|Win32
		{017A7BB6-36DC-440C-A8D9-8BFF30D5EA21}.Debug Xbox.ActiveCfg = Debug|Xbox
		{017A7BB6-36DC-440C-A8D9-8BFF30D5EA21}.Debug Xbox.Build.0 = Debug|Xbox
		{017A7BB6-36DC-440C-A8D9-8BFF30D5EA21}.GCDebug Win32.ActiveCfg = GCDebug|Win32
		{017A7BB6-36DC-440C-A8D9-8BFF30D5EA21}.GCDebug Win32.Build.0 = GCDebug|Win32
		{017A7BB6-36DC-440C-A8D9-8BFF30D5EA21}.GCDebug Xbox.ActiveCfg = GCDebug|Xbox
		{017A7BB6-36DC-440C-A8D9-8BFF30D5EA21}.GCDebug Xbox.Build.0 = GCDebug|Xbox
		{017A7BB6-36DC-440C-A8D9-8BFF30D5EA21}.GCRelease Win32.ActiveCfg = GCRelease|Win32
		{017A7BB6-36DC-440C-A8D9-8BFF30D5EA21}.GCRelease Win32.Build.0 = GCRelease|Win32
		{017A7BB6-36DC-440C-A8D9-8BFF30D5EA21}.GCRelease Xbox.ActiveCfg = GCRelease|Xbox
		{017A7BB6-36DC-440C-A8D9-8BFF30D5EA21}.GCRelease Xbox.Build.0 = GCRelease|Xbox
		{017A7BB6-36DC-440C-A8D9-8BFF30D5EA21}.Production Win32.ActiveCfg = Production|Win32
		{017A7BB6-36DC-440C-A8D9-8BFF30D5EA21}.Production Win32.Build.0 = Production|Win32
		{017A7BB6-36DC-440C-A8D9-8BFF30D5EA21}.Production Xbox.ActiveCfg = Production|Xbox
		{017A7BB6-36DC-440C-A8D9-8BFF30D5EA21}.Production Xbox.Build.0 = Production|Xbox
		{017A7BB6-36DC-440C-A8D9-8BFF30D5EA21}.Release Unicode Win32.ActiveCfg = Release Unicode|Win32
		{017A7BB6-36DC-440C-A8D9-8BFF30D5EA21}.Release Unicode Win32.Build.0 = Release Unicode|Win32
		{017A7BB6-36DC-440C-A8D9-8BFF30D5EA21}.Release Unicode Xbox.ActiveCfg = Release Unicode|Xbox
		{017A7BB6-36DC-440C-A8D9-8BFF30D5EA21}.Release Unicode Xbox.Build.0 = Release Unicode|Xbox
		{017A7BB6-36DC-440C-A8D9-8BFF30D5EA21}.Release Win32.ActiveCfg = Release|Win32
		{017A7BB6-36DC-440C-A8D9-8BFF30D5EA21}.Release Win32.Build.0 = Release|Win32
		{017A7BB6-36DC-440C-A8D9-8BFF30D5EA21}.Release Xbox.ActiveCfg = Release|Xbox
		{017A7BB6-36DC-440C-A8D9-8BFF30D5EA21}.Release Xbox.Build.0 = Release|Xbox
		{017A7BB6-36DC-440C-A8D9-8BFF30D5EA21}.Test Win32.ActiveCfg = Test|Win32
		{017A7BB6-36DC-440C-A8D9-8BFF30D5EA21}.Test Win32.Build.0 = Test|Win32
		{017A7BB6-36DC-440C-A8D9-8BFF30D5EA21}.Test Xbox.ActiveCfg = Test|Xbox
		{017A7BB6-36DC-440C-A8D9-8BFF30D5EA21}.Test Xbox.Build.0 = Test|Xbox
	EndGlobalSection
	GlobalSection(ExtensibilityGlobals) = postSolution
	EndGlobalSection
	GlobalSection(ExtensibilityAddIns) = postSolution
	EndGlobalSection
EndGlobal
